
Microsoft Visual Studio Solution File, Format Version 12.00
# Visual Studio Version 16
VisualStudioVersion = 16.0.31613.86
MinimumVisualStudioVersion = 10.0.40219.1
Project("{8BC9CEB8-8B4A-11D0-8D11-00A0C91BC942}") = "libwinhook", "libwinhook\libwinhook.vcxproj", "{E14BE7D3-25ED-44AD-8657-2D65874F3986}"
EndProject
Project("{8BC9CEB8-8B4A-11D0-8D11-00A0C91BC942}") = "dllloader", "dllloader\dllloader.vcxproj", "{A3D9E589-CD2F-4427-804E-3A5865CA3C17}"
EndProject
Project("{8BC9CEB8-8B4A-11D0-8D11-00A0C91BC942}") = "test", "test\test.vcxproj", "{AC905C95-1311-4798-8576-F1A08CCE259F}"
EndProject
Project("{8BC9CEB8-8B4A-11D0-8D11-00A0C91BC942}") = "test_hello", "test_hello\test_hello.vcxproj", "{BC2385D0-C79C-4E42-989E-6B2EE268F2D9}"
EndProject
Project("{8BC9CEB8-8B4A-11D0-8D11-00A0C91BC942}") = "test_hellodll", "test_hellodll\test_hellodll.vcxproj", "{162FD21D-EA17-448A-9892-CAD62D6849DB}"
EndProject
Global
	GlobalSection(SolutionConfigurationPlatforms) = preSolution
		Debug|x64 = Debug|x64
		Debug|x86 = Debug|x86
		Release|x64 = Release|x64
		Release|x86 = Release|x86
	EndGlobalSection
	GlobalSection(ProjectConfigurationPlatforms) = postSolution
		{E14BE7D3-25ED-44AD-8657-2D65874F3986}.Debug|x64.ActiveCfg = Debug|x64
		{E14BE7D3-25ED-44AD-8657-2D65874F3986}.Debug|x64.Build.0 = Debug|x64
		{E14BE7D3-25ED-44AD-8657-2D65874F3986}.Debug|x86.ActiveCfg = Debug|Win32
		{E14BE7D3-25ED-44AD-8657-2D65874F3986}.Debug|x86.Build.0 = Debug|Win32
		{E14BE7D3-25ED-44AD-8657-2D65874F3986}.Release|x64.ActiveCfg = Release|x64
		{E14BE7D3-25ED-44AD-8657-2D65874F3986}.Release|x64.Build.0 = Release|x64
		{E14BE7D3-25ED-44AD-8657-2D65874F3986}.Release|x86.ActiveCfg = Release|Win32
		{E14BE7D3-25ED-44AD-8657-2D65874F3986}.Release|x86.Build.0 = Release|Win32
		{A3D9E589-CD2F-4427-804E-3A5865CA3C17}.Debug|x64.ActiveCfg = Debug|x64
		{A3D9E589-CD2F-4427-804E-3A5865CA3C17}.Debug|x64.Build.0 = Debug|x64
		{A3D9E589-CD2F-4427-804E-3A5865CA3C17}.Debug|x86.ActiveCfg = Debug|Win32
		{A3D9E589-CD2F-4427-804E-3A5865CA3C17}.Debug|x86.Build.0 = Debug|Win32
		{A3D9E589-CD2F-4427-804E-3A5865CA3C17}.Release|x64.ActiveCfg = Release|x64
		{A3D9E589-CD2F-4427-804E-3A5865CA3C17}.Release|x64.Build.0 = Release|x64
		{A3D9E589-CD2F-4427-804E-3A5865CA3C17}.Release|x86.ActiveCfg = Release|Win32
		{A3D9E589-CD2F-4427-804E-3A5865CA3C17}.Release|x86.Build.0 = Release|Win32
		{AC905C95-1311-4798-8576-F1A08CCE259F}.Debug|x64.ActiveCfg = Debug|x64
		{AC905C95-1311-4798-8576-F1A08CCE259F}.Debug|x64.Build.0 = Debug|x64
		{AC905C95-1311-4798-8576-F1A08CCE259F}.Debug|x86.ActiveCfg = Debug|Win32
		{AC905C95-1311-4798-8576-F1A08CCE259F}.Debug|x86.Build.0 = Debug|Win32
		{AC905C95-1311-4798-8576-F1A08CCE259F}.Release|x64.ActiveCfg = Release|x64
		{AC905C95-1311-4798-8576-F1A08CCE259F}.Release|x64.Build.0 = Release|x64
		{AC905C95-1311-4798-8576-F1A08CCE259F}.Release|x86.ActiveCfg = Release|Win32
		{AC905C95-1311-4798-8576-F1A08CCE259F}.Release|x86.Build.0 = Release|Win32
		{BC2385D0-C79C-4E42-989E-6B2EE268F2D9}.Debug|x64.ActiveCfg = Debug|x64
		{BC2385D0-C79C-4E42-989E-6B2EE268F2D9}.Debug|x64.Build.0 = Debug|x64
		{BC2385D0-C79C-4E42-989E-6B2EE268F2D9}.Debug|x86.ActiveCfg = Debug|Win32
		{BC2385D0-C79C-4E42-989E-6B2EE268F2D9}.Debug|x86.Build.0 = Debug|Win32
		{BC2385D0-C79C-4E42-989E-6B2EE268F2D9}.Release|x64.ActiveCfg = Release|x64
		{BC2385D0-C79C-4E42-989E-6B2EE268F2D9}.Release|x64.Build.0 = Release|x64
		{BC2385D0-C79C-4E42-989E-6B2EE268F2D9}.Release|x86.ActiveCfg = Release|Win32
		{BC2385D0-C79C-4E42-989E-6B2EE268F2D9}.Release|x86.Build.0 = Release|Win32
		{162FD21D-EA17-448A-9892-CAD62D6849DB}.Debug|x64.ActiveCfg = Debug|x64
		{162FD21D-EA17-448A-9892-CAD62D6849DB}.Debug|x64.Build.0 = Debug|x64
		{162FD21D-EA17-448A-9892-CAD62D6849DB}.Debug|x86.ActiveCfg = Debug|Win32
		{162FD21D-EA17-448A-9892-CAD62D6849DB}.Debug|x86.Build.0 = Debug|Win32
		{162FD21D-EA17-448A-9892-CAD62D6849DB}.Release|x64.ActiveCfg = Release|x64
		{162FD21D-EA17-448A-9892-CAD62D6849DB}.Release|x64.Build.0 = Release|x64
		{162FD21D-EA17-448A-9892-CAD62D6849DB}.Release|x86.ActiveCfg = Release|Win32
		{162FD21D-EA17-448A-9892-CAD62D6849DB}.Release|x86.Build.0 = Release|Win32
	EndGlobalSection
	GlobalSection(SolutionProperties) = preSolution
		HideSolutionNode = FALSE
	EndGlobalSection
	GlobalSection(ExtensibilityGlobals) = postSolution
		SolutionGuid = {CA7CCD5A-809A-44A8-AAC8-BA018D0B1596}
	EndGlobalSection
EndGlobal
